
Microsoft Visual Studio Solution File, Format Version 12.00
# Visual Studio Version 17
VisualStudioVersion = 17.7.34031.279
MinimumVisualStudioVersion = 10.0.40219.1
Project("{FAE04EC0-301F-11D3-BF4B-00C04F79EFBC}") = "AcademiaIdiomas", "AcademiaIdiomas\AcademiaIdiomas.csproj", "{779C4254-9B47-4B56-A963-572DD863CCDF}"
EndProject
Global
	GlobalSection(SolutionConfigurationPlatforms) = preSolution
		Debug|Any CPU = Debug|Any CPU
		Release|Any CPU = Release|Any CPU
	EndGlobalSection
	GlobalSection(ProjectConfigurationPlatforms) = postSolution
		{779C4254-9B47-4B56-A963-572DD863CCDF}.Debug|Any CPU.ActiveCfg = Debug|Any CPU
		{779C4254-9B47-4B56-A963-572DD863CCDF}.Debug|Any CPU.Build.0 = Debug|Any CPU
		{779C4254-9B47-4B56-A963-572DD863CCDF}.Release|Any CPU.ActiveCfg = Release|Any CPU
		{779C4254-9B47-4B56-A963-572DD863CCDF}.Release|Any CPU.Build.0 = Release|Any CPU
	EndGlobalSection
	GlobalSection(SolutionProperties) = preSolution
		HideSolutionNode = FALSE
	EndGlobalSection
	GlobalSection(ExtensibilityGlobals) = postSolution
		SolutionGuid = {E47DAE63-1BA2-4DFE-93C7-FEC2BF0B0BAD}
	EndGlobalSection
EndGlobal
